
Microsoft Visual Studio Solution File, Format Version 12.00
# Visual Studio Version 16
VisualStudioVersion = 16.0.31729.503
MinimumVisualStudioVersion = 10.0.40219.1
Project("{FAE04EC0-301F-11D3-BF4B-00C04F79EFBC}") = "ProductService", "ProductService\ProductService.csproj", "{55ED1923-7EB8-431C-A4BF-39B757BFC6CB}"
EndProject
Global
	GlobalSection(SolutionConfigurationPlatforms) = preSolution
		Debug|Any CPU = Debug|Any CPU
		Release|Any CPU = Release|Any CPU
	EndGlobalSection
	GlobalSection(ProjectConfigurationPlatforms) = postSolution
		{55ED1923-7EB8-431C-A4BF-39B757BFC6CB}.Debug|Any CPU.ActiveCfg = Debug|Any CPU
		{55ED1923-7EB8-431C-A4BF-39B757BFC6CB}.Debug|Any CPU.Build.0 = Debug|Any CPU
		{55ED1923-7EB8-431C-A4BF-39B757BFC6CB}.Release|Any CPU.ActiveCfg = Release|Any CPU
		{55ED1923-7EB8-431C-A4BF-39B757BFC6CB}.Release|Any CPU.Build.0 = Release|Any CPU
	EndGlobalSection
	GlobalSection(SolutionProperties) = preSolution
		HideSolutionNode = FALSE
	EndGlobalSection
	GlobalSection(ExtensibilityGlobals) = postSolution
		SolutionGuid = {C9B067CE-B2CD-449D-B242-6F9A70494C6A}
	EndGlobalSection
EndGlobal
