
Microsoft Visual Studio Solution File, Format Version 12.00
# Visual Studio Version 16
VisualStudioVersion = 16.0.31729.503
MinimumVisualStudioVersion = 10.0.40219.1
Project("{9A19103F-16F7-4668-BE54-9A1E7A4F7556}") = "EggTypeService", "EggTypeService\EggTypeService.csproj", "{B3C5D1F9-D40F-4F5F-8D07-100966903755}"
EndProject
Project("{FAE04EC0-301F-11D3-BF4B-00C04F79EFBC}") = "LogExampleLibrary", "LogExampleLibrary\LogExampleLibrary.csproj", "{64896E03-E2BA-4741-B226-133CE6D7F330}"
EndProject
Global
	GlobalSection(SolutionConfigurationPlatforms) = preSolution
		Debug|Any CPU = Debug|Any CPU
		Release|Any CPU = Release|Any CPU
	EndGlobalSection
	GlobalSection(ProjectConfigurationPlatforms) = postSolution
		{B3C5D1F9-D40F-4F5F-8D07-100966903755}.Debug|Any CPU.ActiveCfg = Debug|Any CPU
		{B3C5D1F9-D40F-4F5F-8D07-100966903755}.Debug|Any CPU.Build.0 = Debug|Any CPU
		{B3C5D1F9-D40F-4F5F-8D07-100966903755}.Release|Any CPU.ActiveCfg = Release|Any CPU
		{B3C5D1F9-D40F-4F5F-8D07-100966903755}.Release|Any CPU.Build.0 = Release|Any CPU
		{64896E03-E2BA-4741-B226-133CE6D7F330}.Debug|Any CPU.ActiveCfg = Debug|Any CPU
		{64896E03-E2BA-4741-B226-133CE6D7F330}.Debug|Any CPU.Build.0 = Debug|Any CPU
		{64896E03-E2BA-4741-B226-133CE6D7F330}.Release|Any CPU.ActiveCfg = Release|Any CPU
		{64896E03-E2BA-4741-B226-133CE6D7F330}.Release|Any CPU.Build.0 = Release|Any CPU
	EndGlobalSection
	GlobalSection(SolutionProperties) = preSolution
		HideSolutionNode = FALSE
	EndGlobalSection
	GlobalSection(ExtensibilityGlobals) = postSolution
		SolutionGuid = {F6DB1C16-283C-4907-84E1-C7C4F44B331B}
	EndGlobalSection
EndGlobal
